
Microsoft Visual Studio Solution File, Format Version 12.00
# Visual Studio Version 17
VisualStudioVersion = 17.6.33829.357
MinimumVisualStudioVersion = 10.0.40219.1
Project("{FAE04EC0-301F-11D3-BF4B-00C04F79EFBC}") = "ProductandReviewAPI", "ProductandReviewAPI.csproj", "{0F1BA028-D4E6-4E05-9B96-1E650001961A}"
EndProject
Global
	GlobalSection(SolutionConfigurationPlatforms) = preSolution
		Debug|Any CPU = Debug|Any CPU
		Release|Any CPU = Release|Any CPU
	EndGlobalSection
	GlobalSection(ProjectConfigurationPlatforms) = postSolution
		{0F1BA028-D4E6-4E05-9B96-1E650001961A}.Debug|Any CPU.ActiveCfg = Debug|Any CPU
		{0F1BA028-D4E6-4E05-9B96-1E650001961A}.Debug|Any CPU.Build.0 = Debug|Any CPU
		{0F1BA028-D4E6-4E05-9B96-1E650001961A}.Release|Any CPU.ActiveCfg = Release|Any CPU
		{0F1BA028-D4E6-4E05-9B96-1E650001961A}.Release|Any CPU.Build.0 = Release|Any CPU
	EndGlobalSection
	GlobalSection(SolutionProperties) = preSolution
		HideSolutionNode = FALSE
	EndGlobalSection
	GlobalSection(ExtensibilityGlobals) = postSolution
		SolutionGuid = {57F895A7-396E-4CA9-9867-EF21D7300318}
	EndGlobalSection
EndGlobal
